{
  "nodes": {
    "nixpkgs": {
      "locked": {
        "lastModified": 1685356226,
        "narHash": "sha256-f2clSOdqi0SvY1WSgbnl2YgCZmoCXOxeUjYeXp8p2zI=",
        "path": "/nix/store/gwswjkpifb65sb88zyysgf6gsp3zx0zy-source",
        "rev": "0f7f5ca1cdec8dea85bb4fa60378258171d019ad",
        "type": "path"
      },
      "original": {
        "id": "nixpkgs",
        "type": "indirect"
      }
    },
    "nixpkgs-old": {
      "flake": false,
      "locked": {
        "lastModified": 1686385263,
        "narHash": "sha256-n58aUptfzP15xrcrW/n9XjYeqalymenMxPlxvgfnaUM=",
        "owner": "nomeata",
        "repo": "nixpkgs",
        "rev": "4e6c859e06c1d004a7bf7e33a72b6d395e88920e",
        "type": "github"
      },
      "original": {
        "owner": "nomeata",
        "ref": "haskell-boostrap",
        "repo": "nixpkgs",
        "type": "github"
      }
    },
    "root": {
      "inputs": {
        "nixpkgs": "nixpkgs",
        "nixpkgs-old": "nixpkgs-old"
      }
    }
  },
  "root": "root",
  "version": 7
}
