{
  "nodes": {
    "nixpkgs": {
      "locked": {
        "lastModified": 1685356226,
        "narHash": "sha256-f2clSOdqi0SvY1WSgbnl2YgCZmoCXOxeUjYeXp8p2zI=",
        "path": "/nix/store/gwswjkpifb65sb88zyysgf6gsp3zx0zy-source",
        "rev": "0f7f5ca1cdec8dea85bb4fa60378258171d019ad",
        "type": "path"
      },
      "original": {
        "id": "nixpkgs",
        "type": "indirect"
      }
    },
    "nixpkgs-old": {
      "flake": false,
      "locked": {
        "lastModified": 1686385795,
        "narHash": "sha256-+XdZBrGuNKZGhngTCY/pgoeYtwlQ+E5VXqmcFKIJfhI=",
        "owner": "nomeata",
        "repo": "nixpkgs",
        "rev": "a8b46247fa526ba132f6d00e54ac3c5a7b1b5187",
        "type": "github"
      },
      "original": {
        "owner": "nomeata",
        "ref": "haskell-boostrap",
        "repo": "nixpkgs",
        "type": "github"
      }
    },
    "root": {
      "inputs": {
        "nixpkgs": "nixpkgs",
        "nixpkgs-old": "nixpkgs-old"
      }
    }
  },
  "root": "root",
  "version": 7
}
